
Microsoft Visual Studio Solution File, Format Version 12.00
# Visual Studio Version 16
VisualStudioVersion = 16.0.30804.86
MinimumVisualStudioVersion = 10.0.40219.1
Project("{FAE04EC0-301F-11D3-BF4B-00C04F79EFBC}") = "Course3Lab1", "Course3Lab1\Course3Lab1.csproj", "{4569A884-E60F-46E1-B3DA-041A1494B062}"
EndProject
Global
	GlobalSection(SolutionConfigurationPlatforms) = preSolution
		Debug|Any CPU = Debug|Any CPU
		Release|Any CPU = Release|Any CPU
	EndGlobalSection
	GlobalSection(ProjectConfigurationPlatforms) = postSolution
		{4569A884-E60F-46E1-B3DA-041A1494B062}.Debug|Any CPU.ActiveCfg = Debug|Any CPU
		{4569A884-E60F-46E1-B3DA-041A1494B062}.Debug|Any CPU.Build.0 = Debug|Any CPU
		{4569A884-E60F-46E1-B3DA-041A1494B062}.Release|Any CPU.ActiveCfg = Release|Any CPU
		{4569A884-E60F-46E1-B3DA-041A1494B062}.Release|Any CPU.Build.0 = Release|Any CPU
	EndGlobalSection
	GlobalSection(SolutionProperties) = preSolution
		HideSolutionNode = FALSE
	EndGlobalSection
	GlobalSection(ExtensibilityGlobals) = postSolution
		SolutionGuid = {BA6695F0-DC1C-45A8-8656-A45155799AB1}
	EndGlobalSection
EndGlobal
